Microsoft Visual Studio Solution File, Format Version 12.00
# Visual Studio 2019
Project("{8BC9CEB8-8B4A-11D0-8D11-00A0C91BC942}") = "performance_overhaul", "performance_overhaul\performance_overhaul.vcxproj", "{CEB6560F-893A-4659-8335-74731CF74DEF}"
EndProject
Global
	GlobalSection(SolutionConfigurationPlatforms) = preSolution
		debug|x86 = debug|x86
		debug|x64 = debug|x64
		release|x86 = release|x86
		release|x64 = release|x64
	EndGlobalSection
	GlobalSection(ProjectConfigurationPlatforms) = postSolution
		{CEB6560F-893A-4659-8335-74731CF74DEF}.debug|x86.ActiveCfg = debug|x86
		{CEB6560F-893A-4659-8335-74731CF74DEF}.debug|x86.Build.0 = debug|x86
		{CEB6560F-893A-4659-8335-74731CF74DEF}.debug|x64.ActiveCfg = debug|x64
		{CEB6560F-893A-4659-8335-74731CF74DEF}.debug|x64.Build.0 = debug|x64
		{CEB6560F-893A-4659-8335-74731CF74DEF}.release|x86.ActiveCfg = release|x86
		{CEB6560F-893A-4659-8335-74731CF74DEF}.release|x86.Build.0 = release|x86
		{CEB6560F-893A-4659-8335-74731CF74DEF}.release|x64.ActiveCfg = release|x64
		{CEB6560F-893A-4659-8335-74731CF74DEF}.release|x64.Build.0 = release|x64
	EndGlobalSection
	GlobalSection(SolutionProperties) = preSolution
		HideSolutionNode = FALSE
	EndGlobalSection
EndGlobal
